
Microsoft Visual Studio Solution File, Format Version 12.00
# Visual Studio Version 16
VisualStudioVersion = 16.0.30330.147
MinimumVisualStudioVersion = 10.0.40219.1
Project("{FAE04EC0-301F-11D3-BF4B-00C04F79EFBC}") = "WebAppTest1", "WebAppTest1\WebAppTest1.csproj", "{0715EBA3-B61B-4940-B6AA-F029B0465B05}"
EndProject
Global
	GlobalSection(SolutionConfigurationPlatforms) = preSolution
		Debug|Any CPU = Debug|Any CPU
		Release|Any CPU = Release|Any CPU
	EndGlobalSection
	GlobalSection(ProjectConfigurationPlatforms) = postSolution
		{0715EBA3-B61B-4940-B6AA-F029B0465B05}.Debug|Any CPU.ActiveCfg = Debug|Any CPU
		{0715EBA3-B61B-4940-B6AA-F029B0465B05}.Debug|Any CPU.Build.0 = Debug|Any CPU
		{0715EBA3-B61B-4940-B6AA-F029B0465B05}.Release|Any CPU.ActiveCfg = Release|Any CPU
		{0715EBA3-B61B-4940-B6AA-F029B0465B05}.Release|Any CPU.Build.0 = Release|Any CPU
	EndGlobalSection
	GlobalSection(SolutionProperties) = preSolution
		HideSolutionNode = FALSE
	EndGlobalSection
	GlobalSection(ExtensibilityGlobals) = postSolution
		SolutionGuid = {B7BFE872-9514-45C8-8991-C003CAE2C85D}
	EndGlobalSection
EndGlobal
