
Microsoft Visual Studio Solution File, Format Version 12.00
# Visual Studio Version 16
VisualStudioVersion = 16.0.30225.117
MinimumVisualStudioVersion = 10.0.40219.1
Project("{FAE04EC0-301F-11D3-BF4B-00C04F79EFBC}") = "2_Demo_WebForm", "2_Demo_WebForm.csproj", "{8C1C34D2-DB6F-4B3C-936C-053FFB963919}"
EndProject
Global
	GlobalSection(SolutionConfigurationPlatforms) = preSolution
		Debug|Any CPU = Debug|Any CPU
		Release|Any CPU = Release|Any CPU
	EndGlobalSection
	GlobalSection(ProjectConfigurationPlatforms) = postSolution
		{8C1C34D2-DB6F-4B3C-936C-053FFB963919}.Debug|Any CPU.ActiveCfg = Debug|Any CPU
		{8C1C34D2-DB6F-4B3C-936C-053FFB963919}.Debug|Any CPU.Build.0 = Debug|Any CPU
		{8C1C34D2-DB6F-4B3C-936C-053FFB963919}.Release|Any CPU.ActiveCfg = Release|Any CPU
		{8C1C34D2-DB6F-4B3C-936C-053FFB963919}.Release|Any CPU.Build.0 = Release|Any CPU
	EndGlobalSection
	GlobalSection(SolutionProperties) = preSolution
		HideSolutionNode = FALSE
	EndGlobalSection
	GlobalSection(ExtensibilityGlobals) = postSolution
		SolutionGuid = {64935EF9-B274-4E66-BB7F-DA0FC2622421}
	EndGlobalSection
EndGlobal
