
Microsoft Visual Studio Solution File, Format Version 11.00
# Visual Studio 2010
Project("{FAE04EC0-301F-11D3-BF4B-00C04F79EFBC}") = "Practical_List_1", "Practical_List_1\Practical_List_1.csproj", "{FB98DE17-5C21-444B-80D8-6E8E5436FFE2}"
EndProject
Project("{FAE04EC0-301F-11D3-BF4B-00C04F79EFBC}") = "Firstprogram", "..\Firstprogram\Firstprogram\Firstprogram.csproj", "{AFB637B8-C7CD-456C-9816-6291BDD1EEA4}"
EndProject
Global
	GlobalSection(SolutionConfigurationPlatforms) = preSolution
		Debug|x86 = Debug|x86
		Release|x86 = Release|x86
	EndGlobalSection
	GlobalSection(ProjectConfigurationPlatforms) = postSolution
		{FB98DE17-5C21-444B-80D8-6E8E5436FFE2}.Debug|x86.ActiveCfg = Debug|x86
		{FB98DE17-5C21-444B-80D8-6E8E5436FFE2}.Debug|x86.Build.0 = Debug|x86
		{FB98DE17-5C21-444B-80D8-6E8E5436FFE2}.Release|x86.ActiveCfg = Release|x86
		{FB98DE17-5C21-444B-80D8-6E8E5436FFE2}.Release|x86.Build.0 = Release|x86
		{AFB637B8-C7CD-456C-9816-6291BDD1EEA4}.Debug|x86.ActiveCfg = Debug|x86
		{AFB637B8-C7CD-456C-9816-6291BDD1EEA4}.Debug|x86.Build.0 = Debug|x86
		{AFB637B8-C7CD-456C-9816-6291BDD1EEA4}.Release|x86.ActiveCfg = Release|x86
		{AFB637B8-C7CD-456C-9816-6291BDD1EEA4}.Release|x86.Build.0 = Release|x86
	EndGlobalSection
	GlobalSection(SolutionProperties) = preSolution
		HideSolutionNode = FALSE
	EndGlobalSection
EndGlobal
